// !$*UTF8*$!
{
	archiveVersion = 1;
	classes = {
	};
	objectVersion = 56;
	objects = {

/* Begin PBXBuildFile section */
		BD6D896C2C4A0DF70082DFC5 /* be_boredApp.swift in Sources */ = {isa = PBXBuildFile; fileRef = BD6D896B2C4A0DF70082DFC5 /* be_boredApp.swift */; };
		BD6D896E2C4A0DF70082DFC5 /* ContentView.swift in Sources */ = {isa = PBXBuildFile; fileRef = BD6D896D2C4A0DF70082DFC5 /* ContentView.swift */; };
		BD6D89702C4A0DF70082DFC5 /* Assets.xcassets in Resources */ = {isa = PBXBuildFile; fileRef = BD6D896F2C4A0DF70082DFC5 /* Assets.xcassets */; };
		BD6D89732C4A0DF70082DFC5 /* Preview Assets.xcassets in Resources */ = {isa = PBXBuildFile; fileRef = BD6D89722C4A0DF70082DFC5 /* Preview Assets.xcassets */; };
		BD6D897D2C4A0DF80082DFC5 /* be_boredTests.swift in Sources */ = {isa = PBXBuildFile; fileRef = BD6D897C2C4A0DF80082DFC5 /* be_boredTests.swift */; };
		BD6D89872C4A0DF80082DFC5 /* be_boredUITests.swift in Sources */ = {isa = PBXBuildFile; fileRef = BD6D89862C4A0DF80082DFC5 /* be_boredUITests.swift */; };
		BD6D89892C4A0DF80082DFC5 /* be_boredUITestsLaunchTests.swift in Sources */ = {isa = PBXBuildFile; fileRef = BD6D89882C4A0DF80082DFC5 /* be_boredUITestsLaunchTests.swift */; };
/* End PBXBuildFile section */

/* Begin PBXContainerItemProxy section */
		BD6D89792C4A0DF80082DFC5 /* PBXContainerItemProxy */ = {
			isa = PBXContainerItemProxy;
			containerPortal = BD6D89602C4A0DF70082DFC5 /* Project object */;
			proxyType = 1;
			remoteGlobalIDString = BD6D89672C4A0DF70082DFC5;
			remoteInfo = "be bored";
		};
		BD6D89832C4A0DF80082DFC5 /* PBXContainerItemProxy */ = {
			isa = PBXContainerItemProxy;
			containerPortal = BD6D89602C4A0DF70082DFC5 /* Project object */;
			proxyType = 1;
			remoteGlobalIDString = BD6D89672C4A0DF70082DFC5;
			remoteInfo = "be bored";
		};
/* End PBXContainerItemProxy section */

/* Begin PBXFileReference section */
		BD6D89682C4A0DF70082DFC5 /* be bored.app */ = {isa = PBXFileReference; explicitFileType = wrapper.application; includeInIndex = 0; path = "be bored.app"; sourceTree = BUILT_PRODUCTS_DIR; };
		BD6D896B2C4A0DF70082DFC5 /* be_boredApp.swift */ = {isa = PBXFileReference; lastKnownFileType = sourcecode.swift; path = be_boredApp.swift; sourceTree = "<group>"; };
		BD6D896D2C4A0DF70082DFC5 /* ContentView.swift */ = {isa = PBXFileReference; lastKnownFileType = sourcecode.swift; path = ContentView.swift; sourceTree = "<group>"; };
		BD6D896F2C4A0DF70082DFC5 /* Assets.xcassets */ = {isa = PBXFileReference; lastKnownFileType = folder.assetcatalog; path = Assets.xcassets; sourceTree = "<group>"; };
		BD6D89722C4A0DF70082DFC5 /* Preview Assets.xcassets */ = {isa = PBXFileReference; lastKnownFileType = folder.assetcatalog; path = "Preview Assets.xcassets"; sourceTree = "<group>"; };
		BD6D89782C4A0DF80082DFC5 /* be boredTests.xctest */ = {isa = PBXFileReference; explicitFileType = wrapper.cfbundle; includeInIndex = 0; path = "be boredTests.xctest"; sourceTree = BUILT_PRODUCTS_DIR; };
		BD6D897C2C4A0DF80082DFC5 /* be_boredTests.swift */ = {isa = PBXFileReference; lastKnownFileType = sourcecode.swift; path = be_boredTests.swift; sourceTree = "<group>"; };
		BD6D89822C4A0DF80082DFC5 /* be boredUITests.xctest */ = {isa = PBXFileReference; explicitFileType = wrapper.cfbundle; includeInIndex = 0; path = "be boredUITests.xctest"; sourceTree = BUILT_PRODUCTS_DIR; };
		BD6D89862C4A0DF80082DFC5 /* be_boredUITests.swift */ = {isa = PBXFileReference; lastKnownFileType = sourcecode.swift; path = be_boredUITests.swift; sourceTree = "<group>"; };
		BD6D89882C4A0DF80082DFC5 /* be_boredUITestsLaunchTests.swift */ = {isa = PBXFileReference; lastKnownFileType = sourcecode.swift; path = be_boredUITestsLaunchTests.swift; sourceTree = "<group>"; };
/* End PBXFileReference section */

/* Begin PBXFrameworksBuildPhase section */
		BD6D89652C4A0DF70082DFC5 /* Frameworks */ = {
			isa = PBXFrameworksBuildPhase;
			buildActionMask = 2147483647;
			files = (
			);
			runOnlyForDeploymentPostprocessing = 0;
		};
		BD6D89752C4A0DF80082DFC5 /* Frameworks */ = {
			isa = PBXFrameworksBuildPhase;
			buildActionMask = 2147483647;
			files = (
			);
			runOnlyForDeploymentPostprocessing = 0;
		};
		BD6D897F2C4A0DF80082DFC5 /* Frameworks */ = {
			isa = PBXFrameworksBuildPhase;
			buildActionMask = 2147483647;
			files = (
			);
			runOnlyForDeploymentPostprocessing = 0;
		};
/* End PBXFrameworksBuildPhase section */

/* Begin PBXGroup section */
		BD6D895F2C4A0DF70082DFC5 = {
			isa = PBXGroup;
			children = (
				BD6D896A2C4A0DF70082DFC5 /* be bored */,
				BD6D897B2C4A0DF80082DFC5 /* be boredTests */,
				BD6D89852C4A0DF80082DFC5 /* be boredUITests */,
				BD6D89692C4A0DF70082DFC5 /* Products */,
			);
			sourceTree = "<group>";
		};
		BD6D89692C4A0DF70082DFC5 /* Products */ = {
			isa = PBXGroup;
			children = (
				BD6D89682C4A0DF70082DFC5 /* be bored.app */,
				BD6D89782C4A0DF80082DFC5 /* be boredTests.xctest */,
				BD6D89822C4A0DF80082DFC5 /* be boredUITests.xctest */,
			);
			name = Products;
			sourceTree = "<group>";
		};
		BD6D896A2C4A0DF70082DFC5 /* be bored */ = {
			isa = PBXGroup;
			children = (
				BD6D896B2C4A0DF70082DFC5 /* be_boredApp.swift */,
				BD6D896D2C4A0DF70082DFC5 /* ContentView.swift */,
				BD6D896F2C4A0DF70082DFC5 /* Assets.xcassets */,
				BD6D89712C4A0DF70082DFC5 /* Preview Content */,
			);
			path = "be bored";
			sourceTree = "<group>";
		};
		BD6D89712C4A0DF70082DFC5 /* Preview Content */ = {
			isa = PBXGroup;
			children = (
				BD6D89722C4A0DF70082DFC5 /* Preview Assets.xcassets */,
			);
			path = "Preview Content";
			sourceTree = "<group>";
		};
		BD6D897B2C4A0DF80082DFC5 /* be boredTests */ = {
			isa = PBXGroup;
			children = (
				BD6D897C2C4A0DF80082DFC5 /* be_boredTests.swift */,
			);
			path = "be boredTests";
			sourceTree = "<group>";
		};
		BD6D89852C4A0DF80082DFC5 /* be boredUITests */ = {
			isa = PBXGroup;
			children = (
				BD6D89862C4A0DF80082DFC5 /* be_boredUITests.swift */,
				BD6D89882C4A0DF80082DFC5 /* be_boredUITestsLaunchTests.swift */,
			);
			path = "be boredUITests";
			sourceTree = "<group>";
		};
/* End PBXGroup section */

/* Begin PBXNativeTarget section */
		BD6D89672C4A0DF70082DFC5 /* be bored */ = {
			isa = PBXNativeTarget;
			buildConfigurationList = BD6D898C2C4A0DF80082DFC5 /* Build configuration list for PBXNativeTarget "be bored" */;
			buildPhases = (
				BD6D89642C4A0DF70082DFC5 /* Sources */,
				BD6D89652C4A0DF70082DFC5 /* Frameworks */,
				BD6D89662C4A0DF70082DFC5 /* Resources */,
			);
			buildRules = (
			);
			dependencies = (
			);
			name = "be bored";
			productName = "be bored";
			productReference = BD6D89682C4A0DF70082DFC5 /* be bored.app */;
			productType = "com.apple.product-type.application";
		};
		BD6D89772C4A0DF80082DFC5 /* be boredTests */ = {
			isa = PBXNativeTarget;
			buildConfigurationList = BD6D898F2C4A0DF80082DFC5 /* Build configuration list for PBXNativeTarget "be boredTests" */;
			buildPhases = (
				BD6D89742C4A0DF80082DFC5 /* Sources */,
				BD6D89752C4A0DF80082DFC5 /* Frameworks */,
				BD6D89762C4A0DF80082DFC5 /* Resources */,
			);
			buildRules = (
			);
			dependencies = (
				BD6D897A2C4A0DF80082DFC5 /* PBXTargetDependency */,
			);
			name = "be boredTests";
			productName = "be boredTests";
			productReference = BD6D89782C4A0DF80082DFC5 /* be boredTests.xctest */;
			productType = "com.apple.product-type.bundle.unit-test";
		};
		BD6D89812C4A0DF80082DFC5 /* be boredUITests */ = {
			isa = PBXNativeTarget;
			buildConfigurationList = BD6D89922C4A0DF80082DFC5 /* Build configuration list for PBXNativeTarget "be boredUITests" */;
			buildPhases = (
				BD6D897E2C4A0DF80082DFC5 /* Sources */,
				BD6D897F2C4A0DF80082DFC5 /* Frameworks */,
				BD6D89802C4A0DF80082DFC5 /* Resources */,
			);
			buildRules = (
			);
			dependencies = (
				BD6D89842C4A0DF80082DFC5 /* PBXTargetDependency */,
			);
			name = "be boredUITests";
			productName = "be boredUITests";
			productReference = BD6D89822C4A0DF80082DFC5 /* be boredUITests.xctest */;
			productType = "com.apple.product-type.bundle.ui-testing";
		};
/* End PBXNativeTarget section */

/* Begin PBXProject section */
		BD6D89602C4A0DF70082DFC5 /* Project object */ = {
			isa = PBXProject;
			attributes = {
				BuildIndependentTargetsInParallel = 1;
				LastSwiftUpdateCheck = 1540;
				LastUpgradeCheck = 1540;
				TargetAttributes = {
					BD6D89672C4A0DF70082DFC5 = {
						CreatedOnToolsVersion = 15.4;
					};
					BD6D89772C4A0DF80082DFC5 = {
						CreatedOnToolsVersion = 15.4;
						TestTargetID = BD6D89672C4A0DF70082DFC5;
					};
					BD6D89812C4A0DF80082DFC5 = {
						CreatedOnToolsVersion = 15.4;
						TestTargetID = BD6D89672C4A0DF70082DFC5;
					};
				};
			};
			buildConfigurationList = BD6D89632C4A0DF70082DFC5 /* Build configuration list for PBXProject "be bored" */;
			compatibilityVersion = "Xcode 14.0";
			developmentRegion = en;
			hasScannedForEncodings = 0;
			knownRegions = (
				en,
				Base,
			);
			mainGroup = BD6D895F2C4A0DF70082DFC5;
			productRefGroup = BD6D89692C4A0DF70082DFC5 /* Products */;
			projectDirPath = "";
			projectRoot = "";
			targets = (
				BD6D89672C4A0DF70082DFC5 /* be bored */,
				BD6D89772C4A0DF80082DFC5 /* be boredTests */,
				BD6D89812C4A0DF80082DFC5 /* be boredUITests */,
			);
		};
/* End PBXProject section */

/* Begin PBXResourcesBuildPhase section */
		BD6D89662C4A0DF70082DFC5 /* Resources */ = {
			isa = PBXResourcesBuildPhase;
			buildActionMask = 2147483647;
			files = (
				BD6D89732C4A0DF70082DFC5 /* Preview Assets.xcassets in Resources */,
				BD6D89702C4A0DF70082DFC5 /* Assets.xcassets in Resources */,
			);
			runOnlyForDeploymentPostprocessing = 0;
		};
		BD6D89762C4A0DF80082DFC5 /* Resources */ = {
			isa = PBXResourcesBuildPhase;
			buildActionMask = 2147483647;
			files = (
			);
			runOnlyForDeploymentPostprocessing = 0;
		};
		BD6D89802C4A0DF80082DFC5 /* Resources */ = {
			isa = PBXResourcesBuildPhase;
			buildActionMask = 2147483647;
			files = (
			);
			runOnlyForDeploymentPostprocessing = 0;
		};
/* End PBXResourcesBuildPhase section */

/* Begin PBXSourcesBuildPhase section */
		BD6D89642C4A0DF70082DFC5 /* Sources */ = {
			isa = PBXSourcesBuildPhase;
			buildActionMask = 2147483647;
			files = (
				BD6D896E2C4A0DF70082DFC5 /* ContentView.swift in Sources */,
				BD6D896C2C4A0DF70082DFC5 /* be_boredApp.swift in Sources */,
			);
			runOnlyForDeploymentPostprocessing = 0;
		};
		BD6D89742C4A0DF80082DFC5 /* Sources */ = {
			isa = PBXSourcesBuildPhase;
			buildActionMask = 2147483647;
			files = (
				BD6D897D2C4A0DF80082DFC5 /* be_boredTests.swift in Sources */,
			);
			runOnlyForDeploymentPostprocessing = 0;
		};
		BD6D897E2C4A0DF80082DFC5 /* Sources */ = {
			isa = PBXSourcesBuildPhase;
			buildActionMask = 2147483647;
			files = (
				BD6D89892C4A0DF80082DFC5 /* be_boredUITestsLaunchTests.swift in Sources */,
				BD6D89872C4A0DF80082DFC5 /* be_boredUITests.swift in Sources */,
			);
			runOnlyForDeploymentPostprocessing = 0;
		};
/* End PBXSourcesBuildPhase section */

/* Begin PBXTargetDependency section */
		BD6D897A2C4A0DF80082DFC5 /* PBXTargetDependency */ = {
			isa = PBXTargetDependency;
			target = BD6D89672C4A0DF70082DFC5 /* be bored */;
			targetProxy = BD6D89792C4A0DF80082DFC5 /* PBXContainerItemProxy */;
		};
		BD6D89842C4A0DF80082DFC5 /* PBXTargetDependency */ = {
			isa = PBXTargetDependency;
			target = BD6D89672C4A0DF70082DFC5 /* be bored */;
			targetProxy = BD6D89832C4A0DF80082DFC5 /* PBXContainerItemProxy */;
		};
/* End PBXTargetDependency section */

/* Begin XCBuildConfiguration section */
		BD6D898A2C4A0DF80082DFC5 /* Debug */ = {
			isa = XCBuildConfiguration;
			buildSettings = {
				ALWAYS_SEARCH_USER_PATHS = NO;
				ASSETCATALOG_COMPILER_GENERATE_SWIFT_ASSET_SYMBOL_EXTENSIONS = YES;
				CLANG_ANALYZER_NONNULL = YES;
				CLANG_ANALYZER_NUMBER_OBJECT_CONVERSION = YES_AGGRESSIVE;
				CLANG_CXX_LANGUAGE_STANDARD = "gnu++20";
				CLANG_ENABLE_MODULES = YES;
				CLANG_ENABLE_OBJC_ARC = YES;
				CLANG_ENABLE_OBJC_WEAK = YES;
				CLANG_WARN_BLOCK_CAPTURE_AUTORELEASING = YES;
				CLANG_WARN_BOOL_CONVERSION = YES;
				CLANG_WARN_COMMA = YES;
				CLANG_WARN_CONSTANT_CONVERSION = YES;
				CLANG_WARN_DEPRECATED_OBJC_IMPLEMENTATIONS = YES;
				CLANG_WARN_DIRECT_OBJC_ISA_USAGE = YES_ERROR;
				CLANG_WARN_DOCUMENTATION_COMMENTS = YES;
				CLANG_WARN_EMPTY_BODY = YES;
				CLANG_WARN_ENUM_CONVERSION = YES;
				CLANG_WARN_INFINITE_RECURSION = YES;
				CLANG_WARN_INT_CONVERSION = YES;
				CLANG_WARN_NON_LITERAL_NULL_CONVERSION = YES;
				CLANG_WARN_OBJC_IMPLICIT_RETAIN_SELF = YES;
				CLANG_WARN_OBJC_LITERAL_CONVERSION = YES;
				CLANG_WARN_OBJC_ROOT_CLASS = YES_ERROR;
				CLANG_WARN_QUOTED_INCLUDE_IN_FRAMEWORK_HEADER = YES;
				CLANG_WARN_RANGE_LOOP_ANALYSIS = YES;
				CLANG_WARN_STRICT_PROTOTYPES = YES;
				CLANG_WARN_SUSPICIOUS_MOVE = YES;
				CLANG_WARN_UNGUARDED_AVAILABILITY = YES_AGGRESSIVE;
				CLANG_WARN_UNREACHABLE_CODE = YES;
				CLANG_WARN__DUPLICATE_METHOD_MATCH = YES;
				COPY_PHASE_STRIP = NO;
				DEBUG_INFORMATION_FORMAT = dwarf;
				ENABLE_STRICT_OBJC_MSGSEND = YES;
				ENABLE_TESTABILITY = YES;
				ENABLE_USER_SCRIPT_SANDBOXING = YES;
				GCC_C_LANGUAGE_STANDARD = gnu17;
				GCC_DYNAMIC_NO_PIC = NO;
				GCC_NO_COMMON_BLOCKS = YES;
				GCC_OPTIMIZATION_LEVEL = 0;
				GCC_PREPROCESSOR_DEFINITIONS = (
					"DEBUG=1",
					"$(inherited)",
				);
				GCC_WARN_64_TO_32_BIT_CONVERSION = YES;
				GCC_WARN_ABOUT_RETURN_TYPE = YES_ERROR;
				GCC_WARN_UNDECLARED_SELECTOR = YES;
				GCC_WARN_UNINITIALIZED_AUTOS = YES_AGGRESSIVE;
				GCC_WARN_UNUSED_FUNCTION = YES;
				GCC_WARN_UNUSED_VARIABLE = YES;
				IPHONEOS_DEPLOYMENT_TARGET = 17.5;
				LOCALIZATION_PREFERS_STRING_CATALOGS = YES;
				MTL_ENABLE_DEBUG_INFO = INCLUDE_SOURCE;
				MTL_FAST_MATH = YES;
				ONLY_ACTIVE_ARCH = YES;
				SDKROOT = iphoneos;
				SWIFT_ACTIVE_COMPILATION_CONDITIONS = "DEBUG $(inherited)";
				SWIFT_OPTIMIZATION_LEVEL = "-Onone";
			};
			name = Debug;
		};
		BD6D898B2C4A0DF80082DFC5 /* Release */ = {
			isa = XCBuildConfiguration;
			buildSettings = {
				ALWAYS_SEARCH_USER_PATHS = NO;
				ASSETCATALOG_COMPILER_GENERATE_SWIFT_ASSET_SYMBOL_EXTENSIONS = YES;
				CLANG_ANALYZER_NONNULL = YES;
				CLANG_ANALYZER_NUMBER_OBJECT_CONVERSION = YES_AGGRESSIVE;
				CLANG_CXX_LANGUAGE_STANDARD = "gnu++20";
				CLANG_ENABLE_MODULES = YES;
				CLANG_ENABLE_OBJC_ARC = YES;
				CLANG_ENABLE_OBJC_WEAK = YES;
				CLANG_WARN_BLOCK_CAPTURE_AUTORELEASING = YES;
				CLANG_WARN_BOOL_CONVERSION = YES;
				CLANG_WARN_COMMA = YES;
				CLANG_WARN_CONSTANT_CONVERSION = YES;
				CLANG_WARN_DEPRECATED_OBJC_IMPLEMENTATIONS = YES;
				CLANG_WARN_DIRECT_OBJC_ISA_USAGE = YES_ERROR;
				CLANG_WARN_DOCUMENTATION_COMMENTS = YES;
				CLANG_WARN_EMPTY_BODY = YES;
				CLANG_WARN_ENUM_CONVERSION = YES;
				CLANG_WARN_INFINITE_RECURSION = YES;
				CLANG_WARN_INT_CONVERSION = YES;
				CLANG_WARN_NON_LITERAL_NULL_CONVERSION = YES;
				CLANG_WARN_OBJC_IMPLICIT_RETAIN_SELF = YES;
				CLANG_WARN_OBJC_LITERAL_CONVERSION = YES;
				CLANG_WARN_OBJC_ROOT_CLASS = YES_ERROR;
				CLANG_WARN_QUOTED_INCLUDE_IN_FRAMEWORK_HEADER = YES;
				CLANG_WARN_RANGE_LOOP_ANALYSIS = YES;
				CLANG_WARN_STRICT_PROTOTYPES = YES;
				CLANG_WARN_SUSPICIOUS_MOVE = YES;
				CLANG_WARN_UNGUARDED_AVAILABILITY = YES_AGGRESSIVE;
				CLANG_WARN_UNREACHABLE_CODE = YES;
				CLANG_WARN__DUPLICATE_METHOD_MATCH = YES;
				COPY_PHASE_STRIP = NO;
				DEBUG_INFORMATION_FORMAT = "dwarf-with-dsym";
				ENABLE_NS_ASSERTIONS = NO;
				ENABLE_STRICT_OBJC_MSGSEND = YES;
				ENABLE_USER_SCRIPT_SANDBOXING = YES;
				GCC_C_LANGUAGE_STANDARD = gnu17;
				GCC_NO_COMMON_BLOCKS = YES;
				GCC_WARN_64_TO_32_BIT_CONVERSION = YES;
				GCC_WARN_ABOUT_RETURN_TYPE = YES_ERROR;
				GCC_WARN_UNDECLARED_SELECTOR = YES;
				GCC_WARN_UNINITIALIZED_AUTOS = YES_AGGRESSIVE;
				GCC_WARN_UNUSED_FUNCTION = YES;
				GCC_WARN_UNUSED_VARIABLE = YES;
				IPHONEOS_DEPLOYMENT_TARGET = 17.5;
				LOCALIZATION_PREFERS_STRING_CATALOGS = YES;
				MTL_ENABLE_DEBUG_INFO = NO;
				MTL_FAST_MATH = YES;
				SDKROOT = iphoneos;
				SWIFT_COMPILATION_MODE = wholemodule;
				VALIDATE_PRODUCT = YES;
			};
			name = Release;
		};
		BD6D898D2C4A0DF80082DFC5 /* Debug */ = {
			isa = XCBuildConfiguration;
			buildSettings = {
				ASSETCATALOG_COMPILER_APPICON_NAME = AppIcon;
				ASSETCATALOG_COMPILER_GLOBAL_ACCENT_COLOR_NAME = AccentColor;
				CODE_SIGN_STYLE = Automatic;
				CURRENT_PROJECT_VERSION = 1;
				DEVELOPMENT_ASSET_PATHS = "\"be bored/Preview Content\"";
				DEVELOPMENT_TEAM = H76H8SZ8JJ;
				ENABLE_PREVIEWS = YES;
				GENERATE_INFOPLIST_FILE = YES;
				INFOPLIST_KEY_UIApplicationSceneManifest_Generation = YES;
				INFOPLIST_KEY_UIApplicationSupportsIndirectInputEvents = YES;
				INFOPLIST_KEY_UILaunchScreen_Generation = YES;
				INFOPLIST_KEY_UISupportedInterfaceOrientations_iPad = "UIInterfaceOrientationPortrait UIInterfaceOrientationPortraitUpsideDown UIInterfaceOrientationLandscapeLeft UIInterfaceOrientationLandscapeRight";
				INFOPLIST_KEY_UISupportedInterfaceOrientations_iPhone = "UIInterfaceOrientationPortrait UIInterfaceOrientationLandscapeLeft UIInterfaceOrientationLandscapeRight";
				LD_RUNPATH_SEARCH_PATHS = (
					"$(inherited)",
					"@executable_path/Frameworks",
				);
				MARKETING_VERSION = 1.0;
				PRODUCT_BUNDLE_IDENTIFIER = "com.bebored.be-bored";
				PRODUCT_NAME = "$(TARGET_NAME)";
				SWIFT_EMIT_LOC_STRINGS = YES;
				SWIFT_VERSION = 5.0;
				TARGETED_DEVICE_FAMILY = "1,2";
			};
			name = Debug;
		};
		BD6D898E2C4A0DF80082DFC5 /* Release */ = {
			isa = XCBuildConfiguration;
			buildSettings = {
				ASSETCATALOG_COMPILER_APPICON_NAME = AppIcon;
				ASSETCATALOG_COMPILER_GLOBAL_ACCENT_COLOR_NAME = AccentColor;
				CODE_SIGN_STYLE = Automatic;
				CURRENT_PROJECT_VERSION = 1;
				DEVELOPMENT_ASSET_PATHS = "\"be bored/Preview Content\"";
				DEVELOPMENT_TEAM = H76H8SZ8JJ;
				ENABLE_PREVIEWS = YES;
				GENERATE_INFOPLIST_FILE = YES;
				INFOPLIST_KEY_UIApplicationSceneManifest_Generation = YES;
				INFOPLIST_KEY_UIApplicationSupportsIndirectInputEvents = YES;
				INFOPLIST_KEY_UILaunchScreen_Generation = YES;
				INFOPLIST_KEY_UISupportedInterfaceOrientations_iPad = "UIInterfaceOrientationPortrait UIInterfaceOrientationPortraitUpsideDown UIInterfaceOrientationLandscapeLeft UIInterfaceOrientationLandscapeRight";
				INFOPLIST_KEY_UISupportedInterfaceOrientations_iPhone = "UIInterfaceOrientationPortrait UIInterfaceOrientationLandscapeLeft UIInterfaceOrientationLandscapeRight";
				LD_RUNPATH_SEARCH_PATHS = (
					"$(inherited)",
					"@executable_path/Frameworks",
				);
				MARKETING_VERSION = 1.0;
				PRODUCT_BUNDLE_IDENTIFIER = "com.bebored.be-bored";
				PRODUCT_NAME = "$(TARGET_NAME)";
				SWIFT_EMIT_LOC_STRINGS = YES;
				SWIFT_VERSION = 5.0;
				TARGETED_DEVICE_FAMILY = "1,2";
			};
			name = Release;
		};
		BD6D89902C4A0DF80082DFC5 /* Debug */ = {
			isa = XCBuildConfiguration;
			buildSettings = {
				ALWAYS_EMBED_SWIFT_STANDARD_LIBRARIES = YES;
				BUNDLE_LOADER = "$(TEST_HOST)";
				CODE_SIGN_STYLE = Automatic;
				CURRENT_PROJECT_VERSION = 1;
				DEVELOPMENT_TEAM = H76H8SZ8JJ;
				GENERATE_INFOPLIST_FILE = YES;
				IPHONEOS_DEPLOYMENT_TARGET = 17.5;
				MARKETING_VERSION = 1.0;
				PRODUCT_BUNDLE_IDENTIFIER = "com.bebored.be-boredTests";
				PRODUCT_NAME = "$(TARGET_NAME)";
				SWIFT_EMIT_LOC_STRINGS = NO;
				SWIFT_VERSION = 5.0;
				TARGETED_DEVICE_FAMILY = "1,2";
				TEST_HOST = "$(BUILT_PRODUCTS_DIR)/be bored.app/$(BUNDLE_EXECUTABLE_FOLDER_PATH)/be bored";
			};
			name = Debug;
		};
		BD6D89912C4A0DF80082DFC5 /* Release */ = {
			isa = XCBuildConfiguration;
			buildSettings = {
				ALWAYS_EMBED_SWIFT_STANDARD_LIBRARIES = YES;
				BUNDLE_LOADER = "$(TEST_HOST)";
				CODE_SIGN_STYLE = Automatic;
				CURRENT_PROJECT_VERSION = 1;
				DEVELOPMENT_TEAM = H76H8SZ8JJ;
				GENERATE_INFOPLIST_FILE = YES;
				IPHONEOS_DEPLOYMENT_TARGET = 17.5;
				MARKETING_VERSION = 1.0;
				PRODUCT_BUNDLE_IDENTIFIER = "com.bebored.be-boredTests";
				PRODUCT_NAME = "$(TARGET_NAME)";
				SWIFT_EMIT_LOC_STRINGS = NO;
				SWIFT_VERSION = 5.0;
				TARGETED_DEVICE_FAMILY = "1,2";
				TEST_HOST = "$(BUILT_PRODUCTS_DIR)/be bored.app/$(BUNDLE_EXECUTABLE_FOLDER_PATH)/be bored";
			};
			name = Release;
		};
		BD6D89932C4A0DF80082DFC5 /* Debug */ = {
			isa = XCBuildConfiguration;
			buildSettings = {
				ALWAYS_EMBED_SWIFT_STANDARD_LIBRARIES = YES;
				CODE_SIGN_STYLE = Automatic;
				CURRENT_PROJECT_VERSION = 1;
				DEVELOPMENT_TEAM = H76H8SZ8JJ;
				GENERATE_INFOPLIST_FILE = YES;
				MARKETING_VERSION = 1.0;
				PRODUCT_BUNDLE_IDENTIFIER = "com.bebored.be-boredUITests";
				PRODUCT_NAME = "$(TARGET_NAME)";
				SWIFT_EMIT_LOC_STRINGS = NO;
				SWIFT_VERSION = 5.0;
				TARGETED_DEVICE_FAMILY = "1,2";
				TEST_TARGET_NAME = "be bored";
			};
			name = Debug;
		};
		BD6D89942C4A0DF80082DFC5 /* Release */ = {
			isa = XCBuildConfiguration;
			buildSettings = {
				ALWAYS_EMBED_SWIFT_STANDARD_LIBRARIES = YES;
				CODE_SIGN_STYLE = Automatic;
				CURRENT_PROJECT_VERSION = 1;
				DEVELOPMENT_TEAM = H76H8SZ8JJ;
				GENERATE_INFOPLIST_FILE = YES;
				MARKETING_VERSION = 1.0;
				PRODUCT_BUNDLE_IDENTIFIER = "com.bebored.be-boredUITests";
				PRODUCT_NAME = "$(TARGET_NAME)";
				SWIFT_EMIT_LOC_STRINGS = NO;
				SWIFT_VERSION = 5.0;
				TARGETED_DEVICE_FAMILY = "1,2";
				TEST_TARGET_NAME = "be bored";
			};
			name = Release;
		};
/* End XCBuildConfiguration section */

/* Begin XCConfigurationList section */
		BD6D89632C4A0DF70082DFC5 /* Build configuration list for PBXProject "be bored" */ = {
			isa = XCConfigurationList;
			buildConfigurations = (
				BD6D898A2C4A0DF80082DFC5 /* Debug */,
				BD6D898B2C4A0DF80082DFC5 /* Release */,
			);
			defaultConfigurationIsVisible = 0;
			defaultConfigurationName = Release;
		};
		BD6D898C2C4A0DF80082DFC5 /* Build configuration list for PBXNativeTarget "be bored" */ = {
			isa = XCConfigurationList;
			buildConfigurations = (
				BD6D898D2C4A0DF80082DFC5 /* Debug */,
				BD6D898E2C4A0DF80082DFC5 /* Release */,
			);
			defaultConfigurationIsVisible = 0;
			defaultConfigurationName = Release;
		};
		BD6D898F2C4A0DF80082DFC5 /* Build configuration list for PBXNativeTarget "be boredTests" */ = {
			isa = XCConfigurationList;
			buildConfigurations = (
				BD6D89902C4A0DF80082DFC5 /* Debug */,
				BD6D89912C4A0DF80082DFC5 /* Release */,
			);
			defaultConfigurationIsVisible = 0;
			defaultConfigurationName = Release;
		};
		BD6D89922C4A0DF80082DFC5 /* Build configuration list for PBXNativeTarget "be boredUITests" */ = {
			isa = XCConfigurationList;
			buildConfigurations = (
				BD6D89932C4A0DF80082DFC5 /* Debug */,
				BD6D89942C4A0DF80082DFC5 /* Release */,
			);
			defaultConfigurationIsVisible = 0;
			defaultConfigurationName = Release;
		};
/* End XCConfigurationList section */
	};
	rootObject = BD6D89602C4A0DF70082DFC5 /* Project object */;
}
